<Solution>
  <Project Path="HeatherAmiDigital.FlowInterrogator.Core/HeatherAmiDigital.FlowInterrogator.Core.csproj" />
  <Project Path="HeatherAmiDigital.FlowInterrogator.Core.Tests/HeatherAmiDigital.FlowInterrogator.Core.Tests.csproj" />
  <Project Path="HeatherAmiDigital.FlowInterrogator.XrmToolBox/HeatherAmiDigital.FlowInterrogator.XrmToolBox.csproj" Id="5ed3b748-f1cb-4665-9db2-d5bb2f3c1687" />
</Solution>
